
Microsoft Visual Studio Solution File, Format Version 12.00
# Visual Studio Version 17
VisualStudioVersion = 17.0.31903.59
MinimumVisualStudioVersion = 10.0.40219.1
Project("{FAE04EC0-301F-11D3-BF4B-00C04F79EFBC}") = "apiWithHealthChecksAndScalar", "apiWithHealthChecksAndScalar\apiWithHealthChecksAndScalar.csproj", "{791B4A31-1A18-47E7-838C-31AB89DEC832}"
EndProject
Project("{FAE04EC0-301F-11D3-BF4B-00C04F79EFBC}") = "sampleUiWasm", "sampleUiWasm\sampleUiWasm.csproj", "{D6D1B8D6-2A7C-4B1A-B614-176BF582C904}"
EndProject
Global
	GlobalSection(SolutionConfigurationPlatforms) = preSolution
		Debug|Any CPU = Debug|Any CPU
		Release|Any CPU = Release|Any CPU
	EndGlobalSection
	GlobalSection(SolutionProperties) = preSolution
		HideSolutionNode = FALSE
	EndGlobalSection
	GlobalSection(ProjectConfigurationPlatforms) = postSolution
		{791B4A31-1A18-47E7-838C-31AB89DEC832}.Debug|Any CPU.ActiveCfg = Debug|Any CPU
		{791B4A31-1A18-47E7-838C-31AB89DEC832}.Debug|Any CPU.Build.0 = Debug|Any CPU
		{791B4A31-1A18-47E7-838C-31AB89DEC832}.Release|Any CPU.ActiveCfg = Release|Any CPU
		{791B4A31-1A18-47E7-838C-31AB89DEC832}.Release|Any CPU.Build.0 = Release|Any CPU
		{D6D1B8D6-2A7C-4B1A-B614-176BF582C904}.Debug|Any CPU.ActiveCfg = Debug|Any CPU
		{D6D1B8D6-2A7C-4B1A-B614-176BF582C904}.Debug|Any CPU.Build.0 = Debug|Any CPU
		{D6D1B8D6-2A7C-4B1A-B614-176BF582C904}.Release|Any CPU.ActiveCfg = Release|Any CPU
		{D6D1B8D6-2A7C-4B1A-B614-176BF582C904}.Release|Any CPU.Build.0 = Release|Any CPU
	EndGlobalSection
EndGlobal
